github.com/RoughCookiexx/gg_elevenlabs v0.0.0-20250604025825-7f7b4a479b12 h1:YpbM8b6OcEKRwGoSizIrOOQiim5+rNyMikCaQwvDncQ=
github.com/RoughCookiexx/gg_elevenlabs v0.0.0-20250604025825-7f7b4a479b12/go.mod h1:Sb3sdIg6bA+bFV/QjBiDorA0BgicJMU/fQHVZZSvIMM=
github.com/RoughCookiexx/gg_elevenlabs v0.0.0-20250604030945-7ab91376c180 h1:OtUVkFBOXXGaHMMRiGJYqBdficVwih8HO4qolmaEYdA=
github.com/RoughCookiexx/gg_elevenlabs v0.0.0-20250604030945-7ab91376c180/go.mod h1:Sb3sdIg6bA+bFV/QjBiDorA0BgicJMU/fQHVZZSvIMM=
github.com/RoughCookiexx/gg_elevenlabs v0.0.0-20250604031601-419f6ca45c4f h1:dzn4t6GE78dxd2TkVpcAXR2yIrPDFKv23ZQL8ecOlIg=
github.com/RoughCookiexx/gg_elevenlabs v0.0.0-20250604031601-419f6ca45c4f/go.mod h1:Sb3sdIg6bA+bFV/QjBiDorA0BgicJMU/fQHVZZSvIMM=
github.com/RoughCookiexx/gg_sse v0.0.0-20250603190242-a2b51f479f1e h1:E3DdkqkAckhCxrg07ncfH96xRAzB12YypEjQvTZaTls=
github.com/RoughCookiexx/gg_sse v0.0.0-20250603190242-a2b51f479f1e/go.mod h1:9R5bjI4fTuUCvYFinQY6pdERDlxqqhmWPEhx7cFcsuY=
github.com/RoughCookiexx/twitch_chat_subscriber v0.0.0-20250602145131-e8a1cab7feb4 h1:t6XkxkL6zSVn1XCzrv1iWgAuxpnUFoS69AsQ1yJ/ook=
github.com/RoughCookiexx/twitch_chat_subscriber v0.0.0-20250602145131-e8a1cab7feb4/go.mod h1:VOsTwnf2ntUngOtlTRsrtraPmLHkD652w6MoYqbZtBw=
